<?xml version="1.0" encoding="utf-8"?>
<Project ToolsVersion="4.0" xmlns="http://schemas.microsoft.com/developer/msbuild/2003">
  <ItemGroup>
    <Filter Include="Source Files">
      <UniqueIdentifier>{4FC737F1-C7A5-4376-A066-2A32D752A2FF}</UniqueIdentifier>
      <Extensions>cpp;c;cc;cxx;c++;cppm;ixx;def;odl;idl;hpj;bat;asm;asmx</Extensions>
    </Filter>
    <Filter Include="Header Files">
      <UniqueIdentifier>{93995380-89BD-4b04-88EB-625FBE52EBFB}</UniqueIdentifier>
      <Extensions>h;hh;hpp;hxx;h++;hm;inl;inc;ipp;xsd</Extensions>
    </Filter>
    <Filter Include="Resource Files">
      <UniqueIdentifier>{67DA6AB6-F800-4c08-8B7A-83BB121AAD01}</UniqueIdentifier>
      <Extensions>rc;ico;cur;bmp;dlg;rc2;rct;bin;rgs;gif;jpg;jpeg;jpe;resx;tiff;tif;png;wav;mfcribbon-ms</Extensions>
    </Filter>
  </ItemGroup>
  <ItemGroup>
    <ResourceCompile Include="app.rc">
      <Filter>Resource Files</Filter>
    </ResourceCompile>
  </ItemGroup>
  <ItemGroup>
    <ClInclude Include="Resource.h">
      <Filter>Header Files</Filter>
    </ClInclude>
    <ClInclude Include="pch.h">
      <Filter>Header Files</Filter>
    </ClInclude>
    <ClInclude Include="About.h">
      <Filter>Header Files</Filter>
    </ClInclude>
    <ClInclude Include="End.h">
      <Filter>Header Files</Filter>
    </ClInclude>
    <ClInclude Include="End2.h">
      <Filter>Header Files</Filter>
    </ClInclude>
    <ClInclude Include="Review.h">
      <Filter>Header Files</Filter>
    </ClInclude>
    <ClInclude Include="Gratitude.h">
      <Filter>Header Files</Filter>
    </ClInclude>
    <ClInclude Include="Level_1_Princesses.h">
      <Filter>Header Files</Filter>
    </ClInclude>
    <ClInclude Include="Level_2_Princesses.h">
      <Filter>Header Files</Filter>
    </ClInclude>
    <ClInclude Include="Level_3_Princesses.h">
      <Filter>Header Files</Filter>
    </ClInclude>
    <ClInclude Include="Level_4_Princesses.h">
      <Filter>Header Files</Filter>
    </ClInclude>
    <ClInclude Include="Level_5_Princesses.h">
      <Filter>Header Files</Filter>
    </ClInclude>
    <ClInclude Include="Level_1_Cars.h">
      <Filter>Header Files</Filter>
    </ClInclude>
    <ClInclude Include="Level_2_Cars.h">
      <Filter>Header Files</Filter>
    </ClInclude>
    <ClInclude Include="Level_3_Cars.h">
      <Filter>Header Files</Filter>
    </ClInclude>
    <ClInclude Include="Level_4_Cars.h">
      <Filter>Header Files</Filter>
    </ClInclude>
    <ClInclude Include="Level_5_Cars.h">
      <Filter>Header Files</Filter>
    </ClInclude>
    <ClInclude Include="Level_1_Meals.h">
      <Filter>Header Files</Filter>
    </ClInclude>
    <ClInclude Include="Level_2_Meals.h">
      <Filter>Header Files</Filter>
    </ClInclude>
    <ClInclude Include="Level_3_Meals.h">
      <Filter>Header Files</Filter>
    </ClInclude>
    <ClInclude Include="Level_4_Meals.h">
      <Filter>Header Files</Filter>
    </ClInclude>
    <ClInclude Include="Level_5_Meals.h">
      <Filter>Header Files</Filter>
    </ClInclude>
    <ClInclude Include="Login.h">
      <Filter>Header Files</Filter>
    </ClInclude>
    <ClInclude Include="Admin_Screen.h">
      <Filter>Header Files</Filter>
    </ClInclude>
    <ClInclude Include="User.h">
      <Filter>Header Files</Filter>
    </ClInclude>
    <ClInclude Include="Form1.h">
      <Filter>Header Files</Filter>
    </ClInclude>
    <ClInclude Include="StartGame_Screen.h">
      <Filter>Header Files</Filter>
    </ClInclude>
    <ClInclude Include="Register.h">
      <Filter>Header Files</Filter>
    </ClInclude>
    <ClInclude Include="Account.h">
      <Filter>Header Files</Filter>
    </ClInclude>
    <ClInclude Include="BD_Users_Info.h">
      <Filter>Header Files</Filter>
    </ClInclude>
    <ClInclude Include="Rating.h">
      <Filter>Header Files</Filter>
    </ClInclude>
  </ItemGroup>
  <ItemGroup>
    <ClCompile Include="CppCLR_WinFormsProject.cpp">
      <Filter>Source Files</Filter>
    </ClCompile>
    <ClCompile Include="AssemblyInfo.cpp">
      <Filter>Source Files</Filter>
    </ClCompile>
    <ClCompile Include="pch.cpp">
      <Filter>Source Files</Filter>
    </ClCompile>
    <ClCompile Include="About.cpp">
      <Filter>Source Files</Filter>
    </ClCompile>
    <ClCompile Include="End.cpp">
      <Filter>Header Files</Filter>
    </ClCompile>
    <ClCompile Include="End2.cpp">
      <Filter>Header Files</Filter>
    </ClCompile>
    <ClCompile Include="Review.cpp">
      <Filter>Header Files</Filter>
    </ClCompile>
    <ClCompile Include="Gratitude.cpp">
      <Filter>Header Files</Filter>
    </ClCompile>
    <ClCompile Include="Level_1_Princesses.cpp">
      <Filter>Source Files</Filter>
    </ClCompile>
    <ClCompile Include="Level_2_Princesses.cpp">
      <Filter>Source Files</Filter>
    </ClCompile>
    <ClCompile Include="Level_3_Princesses.cpp">
      <Filter>Source Files</Filter>
    </ClCompile>
    <ClCompile Include="Level_4_Princesses.cpp">
      <Filter>Source Files</Filter>
    </ClCompile>
    <ClCompile Include="Level_5_Princesses.cpp">
      <Filter>Source Files</Filter>
    </ClCompile>
    <ClCompile Include="Level_1_Cars.cpp">
      <Filter>Source Files</Filter>
    </ClCompile>
    <ClCompile Include="Level_2_Cars.cpp">
      <Filter>Source Files</Filter>
    </ClCompile>
    <ClCompile Include="Level_3_Cars.cpp">
      <Filter>Source Files</Filter>
    </ClCompile>
    <ClCompile Include="Level_4_Cars.cpp">
      <Filter>Source Files</Filter>
    </ClCompile>
    <ClCompile Include="Level_5_Cars.cpp">
      <Filter>Source Files</Filter>
    </ClCompile>
    <ClCompile Include="Level_1_Meals.cpp">
      <Filter>Source Files</Filter>
    </ClCompile>
    <ClCompile Include="Level_2_Meals.cpp">
      <Filter>Source Files</Filter>
    </ClCompile>
    <ClCompile Include="Level_3_Meals.cpp">
      <Filter>Source Files</Filter>
    </ClCompile>
    <ClCompile Include="Level_4_Meals.cpp">
      <Filter>Source Files</Filter>
    </ClCompile>
    <ClCompile Include="Level_5_Meals.cpp">
      <Filter>Source Files</Filter>
    </ClCompile>
    <ClCompile Include="Login.cpp">
      <Filter>Source Files</Filter>
    </ClCompile>
    <ClCompile Include="Admin_Screen.cpp">
      <Filter>Source Files</Filter>
    </ClCompile>
    <ClCompile Include="Form1.cpp">
      <Filter>Source Files</Filter>
    </ClCompile>
    <ClCompile Include="Register.cpp">
      <Filter>Source Files</Filter>
    </ClCompile>
    <ClCompile Include="Account.cpp">
      <Filter>Source Files</Filter>
    </ClCompile>
    <ClCompile Include="BD_Users_Info.cpp">
      <Filter>Source Files</Filter>
    </ClCompile>
    <ClCompile Include="Rating.cpp">
      <Filter>Source Files</Filter>
    </ClCompile>
    <ClCompile Include="Crypto.cpp">
      <Filter>Source Files</Filter>
    </ClCompile>
  </ItemGroup>
  <ItemGroup>
    <Image Include="app.ico">
      <Filter>Resource Files</Filter>
    </Image>
  </ItemGroup>
</Project>